<Solution>
  <Folder Name="/src/">
    <Project Path="src/DocumentHub.Core/DocumentHub.Core.csproj" />
    <Project Path="src/DocumentHub.Infrastructure/DocumentHub.Infrastructure.csproj" />
    <Project Path="src/DocumentHub.Web/DocumentHub.Web.csproj" />
  </Folder>
  <Folder Name="/tests/">
    <Project Path="tests/DocumentHub.IntegrationTests/DocumentHub.IntegrationTests.csproj" />
    <Project Path="tests/DocumentHub.UnitTests/DocumentHub.UnitTests.csproj" />
    <Project Path="tests/DocumentHub.FunctionalTests/DocumentHub.FunctionalTests.csproj" />
  </Folder>
</Solution>
